
Microsoft Visual Studio Solution File, Format Version 12.00
# Visual Studio Version 16
VisualStudioVersion = 16.0.30320.27
MinimumVisualStudioVersion = 10.0.40219.1
Project("{FAE04EC0-301F-11D3-BF4B-00C04F79EFBC}") = "ACMAN.API", "ACMAN.API\ACMAN.API.csproj", "{3C180526-DC01-4CC4-8FF6-9B8BADFEB014}"
EndProject
Global
	GlobalSection(SolutionConfigurationPlatforms) = preSolution
		Debug|Any CPU = Debug|Any CPU
		Release|Any CPU = Release|Any CPU
	EndGlobalSection
	GlobalSection(ProjectConfigurationPlatforms) = postSolution
		{3C180526-DC01-4CC4-8FF6-9B8BADFEB014}.Debug|Any CPU.ActiveCfg = Debug|Any CPU
		{3C180526-DC01-4CC4-8FF6-9B8BADFEB014}.Debug|Any CPU.Build.0 = Debug|Any CPU
		{3C180526-DC01-4CC4-8FF6-9B8BADFEB014}.Release|Any CPU.ActiveCfg = Release|Any CPU
		{3C180526-DC01-4CC4-8FF6-9B8BADFEB014}.Release|Any CPU.Build.0 = Release|Any CPU
	EndGlobalSection
	GlobalSection(SolutionProperties) = preSolution
		HideSolutionNode = FALSE
	EndGlobalSection
	GlobalSection(ExtensibilityGlobals) = postSolution
		SolutionGuid = {C3A61F61-BA0D-4C84-9329-52262CDEC7C4}
	EndGlobalSection
EndGlobal
